// !$*UTF8*$!
{
	archiveVersion = 1;
	classes = {
	};
	objectVersion = 50;
	objects = {

/* Begin PBXBuildFile section */
		41BDC8D0261F997900B7A942 /* AppDelegate.swift in Sources */ = {isa = PBXBuildFile; fileRef = 41BDC8CF261F997900B7A942 /* AppDelegate.swift */; };
		41BDC8D2261F997900B7A942 /* SceneDelegate.swift in Sources */ = {isa = PBXBuildFile; fileRef = 41BDC8D1261F997900B7A942 /* SceneDelegate.swift */; };
		41BDC8D4261F997900B7A942 /* ContentView.swift in Sources */ = {isa = PBXBuildFile; fileRef = 41BDC8D3261F997900B7A942 /* ContentView.swift */; };
		41BDC8D6261F997B00B7A942 /* Assets.xcassets in Resources */ = {isa = PBXBuildFile; fileRef = 41BDC8D5261F997B00B7A942 /* Assets.xcassets */; };
		41BDC8D9261F997B00B7A942 /* Preview Assets.xcassets in Resources */ = {isa = PBXBuildFile; fileRef = 41BDC8D8261F997B00B7A942 /* Preview Assets.xcassets */; };
		41BDC8DC261F997B00B7A942 /* LaunchScreen.storyboard in Resources */ = {isa = PBXBuildFile; fileRef = 41BDC8DA261F997B00B7A942 /* LaunchScreen.storyboard */; };
		41E7C5CE28F6103E009A67EC /* test2.png in Resources */ = {isa = PBXBuildFile; fileRef = 41E7C5CA28F6103E009A67EC /* test2.png */; };
		41E7C5CF28F6103E009A67EC /* pickerLengths.png in Resources */ = {isa = PBXBuildFile; fileRef = 41E7C5CB28F6103E009A67EC /* pickerLengths.png */; };
		41E7C5D028F6103E009A67EC /* test1.png in Resources */ = {isa = PBXBuildFile; fileRef = 41E7C5CC28F6103E009A67EC /* test1.png */; };
		41E7C5D128F6103E009A67EC /* test3.png in Resources */ = {isa = PBXBuildFile; fileRef = 41E7C5CD28F6103E009A67EC /* test3.png */; };
/* End PBXBuildFile section */

/* Begin PBXFileReference section */
		41A4CA4828F605D600B9CA4E /* README.md */ = {isa = PBXFileReference; lastKnownFileType = net.daringfireball.markdown; path = README.md; sourceTree = "<group>"; };
		41BDC8CC261F997900B7A942 /* Convertitore.app */ = {isa = PBXFileReference; explicitFileType = wrapper.application; includeInIndex = 0; path = Convertitore.app; sourceTree = BUILT_PRODUCTS_DIR; };
		41BDC8CF261F997900B7A942 /* AppDelegate.swift */ = {isa = PBXFileReference; lastKnownFileType = sourcecode.swift; path = AppDelegate.swift; sourceTree = "<group>"; };
		41BDC8D1261F997900B7A942 /* SceneDelegate.swift */ = {isa = PBXFileReference; lastKnownFileType = sourcecode.swift; path = SceneDelegate.swift; sourceTree = "<group>"; };
		41BDC8D3261F997900B7A942 /* ContentView.swift */ = {isa = PBXFileReference; lastKnownFileType = sourcecode.swift; path = ContentView.swift; sourceTree = "<group>"; };
		41BDC8D5261F997B00B7A942 /* Assets.xcassets */ = {isa = PBXFileReference; lastKnownFileType = folder.assetcatalog; path = Assets.xcassets; sourceTree = "<group>"; };
		41BDC8D8261F997B00B7A942 /* Preview Assets.xcassets */ = {isa = PBXFileReference; lastKnownFileType = folder.assetcatalog; path = "Preview Assets.xcassets"; sourceTree = "<group>"; };
		41BDC8DB261F997B00B7A942 /* Base */ = {isa = PBXFileReference; lastKnownFileType = file.storyboard; name = Base; path = Base.lproj/LaunchScreen.storyboard; sourceTree = "<group>"; };
		41BDC8DD261F997B00B7A942 /* Info.plist */ = {isa = PBXFileReference; lastKnownFileType = text.plist.xml; path = Info.plist; sourceTree = "<group>"; };
		41E7C5CA28F6103E009A67EC /* test2.png */ = {isa = PBXFileReference; lastKnownFileType = image.png; path = test2.png; sourceTree = "<group>"; };
		41E7C5CB28F6103E009A67EC /* pickerLengths.png */ = {isa = PBXFileReference; lastKnownFileType = image.png; path = pickerLengths.png; sourceTree = "<group>"; };
		41E7C5CC28F6103E009A67EC /* test1.png */ = {isa = PBXFileReference; lastKnownFileType = image.png; path = test1.png; sourceTree = "<group>"; };
		41E7C5CD28F6103E009A67EC /* test3.png */ = {isa = PBXFileReference; lastKnownFileType = image.png; path = test3.png; sourceTree = "<group>"; };
/* End PBXFileReference section */

/* Begin PBXFrameworksBuildPhase section */
		41BDC8C9261F997900B7A942 /* Frameworks */ = {
			isa = PBXFrameworksBuildPhase;
			buildActionMask = 2147483647;
			files = (
			);
			runOnlyForDeploymentPostprocessing = 0;
		};
/* End PBXFrameworksBuildPhase section */

/* Begin PBXGroup section */
		414E60BE26222DDE0046E7AF /* Model */ = {
			isa = PBXGroup;
			children = (
				41BDC8DD261F997B00B7A942 /* Info.plist */,
				41BDC8CF261F997900B7A942 /* AppDelegate.swift */,
				41BDC8D1261F997900B7A942 /* SceneDelegate.swift */,
			);
			path = Model;
			sourceTree = "<group>";
		};
		414E60C026222E040046E7AF /* View */ = {
			isa = PBXGroup;
			children = (
				41BDC8DA261F997B00B7A942 /* LaunchScreen.storyboard */,
				41BDC8D3261F997900B7A942 /* ContentView.swift */,
			);
			path = View;
			sourceTree = "<group>";
		};
		41BDC8C3261F997900B7A942 = {
			isa = PBXGroup;
			children = (
				41A4CA4828F605D600B9CA4E /* README.md */,
				41BDC8CE261F997900B7A942 /* Convertitore */,
				41BDC8CD261F997900B7A942 /* Products */,
			);
			sourceTree = "<group>";
		};
		41BDC8CD261F997900B7A942 /* Products */ = {
			isa = PBXGroup;
			children = (
				41BDC8CC261F997900B7A942 /* Convertitore.app */,
			);
			name = Products;
			sourceTree = "<group>";
		};
		41BDC8CE261F997900B7A942 /* Convertitore */ = {
			isa = PBXGroup;
			children = (
				41E7C5C828F60FBC009A67EC /* Media */,
				414E60BE26222DDE0046E7AF /* Model */,
				414E60C026222E040046E7AF /* View */,
				41BDC8D5261F997B00B7A942 /* Assets.xcassets */,
				41BDC8D7261F997B00B7A942 /* Preview Content */,
			);
			path = Convertitore;
			sourceTree = "<group>";
		};
		41BDC8D7261F997B00B7A942 /* Preview Content */ = {
			isa = PBXGroup;
			children = (
				41BDC8D8261F997B00B7A942 /* Preview Assets.xcassets */,
			);
			path = "Preview Content";
			sourceTree = "<group>";
		};
		41E7C5C828F60FBC009A67EC /* Media */ = {
			isa = PBXGroup;
			children = (
				41E7C5C928F60FC4009A67EC /* READMEIMAGE */,
			);
			path = Media;
			sourceTree = "<group>";
		};
		41E7C5C928F60FC4009A67EC /* READMEIMAGE */ = {
			isa = PBXGroup;
			children = (
				41E7C5CB28F6103E009A67EC /* pickerLengths.png */,
				41E7C5CC28F6103E009A67EC /* test1.png */,
				41E7C5CA28F6103E009A67EC /* test2.png */,
				41E7C5CD28F6103E009A67EC /* test3.png */,
			);
			path = READMEIMAGE;
			sourceTree = "<group>";
		};
/* End PBXGroup section */

/* Begin PBXNativeTarget section */
		41BDC8CB261F997900B7A942 /* Convertitore */ = {
			isa = PBXNativeTarget;
			buildConfigurationList = 41BDC8E0261F997B00B7A942 /* Build configuration list for PBXNativeTarget "Convertitore" */;
			buildPhases = (
				41BDC8C8261F997900B7A942 /* Sources */,
				41BDC8C9261F997900B7A942 /* Frameworks */,
				41BDC8CA261F997900B7A942 /* Resources */,
			);
			buildRules = (
			);
			dependencies = (
			);
			name = Convertitore;
			productName = Convertitore;
			productReference = 41BDC8CC261F997900B7A942 /* Convertitore.app */;
			productType = "com.apple.product-type.application";
		};
/* End PBXNativeTarget section */

/* Begin PBXProject section */
		41BDC8C4261F997900B7A942 /* Project object */ = {
			isa = PBXProject;
			attributes = {
				LastSwiftUpdateCheck = 1230;
				LastUpgradeCheck = 1230;
				TargetAttributes = {
					41BDC8CB261F997900B7A942 = {
						CreatedOnToolsVersion = 12.3;
					};
				};
			};
			buildConfigurationList = 41BDC8C7261F997900B7A942 /* Build configuration list for PBXProject "Convertitore" */;
			compatibilityVersion = "Xcode 9.3";
			developmentRegion = en;
			hasScannedForEncodings = 0;
			knownRegions = (
				en,
				Base,
			);
			mainGroup = 41BDC8C3261F997900B7A942;
			productRefGroup = 41BDC8CD261F997900B7A942 /* Products */;
			projectDirPath = "";
			projectRoot = "";
			targets = (
				41BDC8CB261F997900B7A942 /* Convertitore */,
			);
		};
/* End PBXProject section */

/* Begin PBXResourcesBuildPhase section */
		41BDC8CA261F997900B7A942 /* Resources */ = {
			isa = PBXResourcesBuildPhase;
			buildActionMask = 2147483647;
			files = (
				41BDC8DC261F997B00B7A942 /* LaunchScreen.storyboard in Resources */,
				41BDC8D9261F997B00B7A942 /* Preview Assets.xcassets in Resources */,
				41E7C5CE28F6103E009A67EC /* test2.png in Resources */,
				41E7C5CF28F6103E009A67EC /* pickerLengths.png in Resources */,
				41BDC8D6261F997B00B7A942 /* Assets.xcassets in Resources */,
				41E7C5D028F6103E009A67EC /* test1.png in Resources */,
				41E7C5D128F6103E009A67EC /* test3.png in Resources */,
			);
			runOnlyForDeploymentPostprocessing = 0;
		};
/* End PBXResourcesBuildPhase section */

/* Begin PBXSourcesBuildPhase section */
		41BDC8C8261F997900B7A942 /* Sources */ = {
			isa = PBXSourcesBuildPhase;
			buildActionMask = 2147483647;
			files = (
				41BDC8D0261F997900B7A942 /* AppDelegate.swift in Sources */,
				41BDC8D2261F997900B7A942 /* SceneDelegate.swift in Sources */,
				41BDC8D4261F997900B7A942 /* ContentView.swift in Sources */,
			);
			runOnlyForDeploymentPostprocessing = 0;
		};
/* End PBXSourcesBuildPhase section */

/* Begin PBXVariantGroup section */
		41BDC8DA261F997B00B7A942 /* LaunchScreen.storyboard */ = {
			isa = PBXVariantGroup;
			children = (
				41BDC8DB261F997B00B7A942 /* Base */,
			);
			name = LaunchScreen.storyboard;
			sourceTree = "<group>";
		};
/* End PBXVariantGroup section */

/* Begin XCBuildConfiguration section */
		41BDC8DE261F997B00B7A942 /* Debug */ = {
			isa = XCBuildConfiguration;
			buildSettings = {
				ALWAYS_SEARCH_USER_PATHS = NO;
				CLANG_ANALYZER_NONNULL = YES;
				CLANG_ANALYZER_NUMBER_OBJECT_CONVERSION = YES_AGGRESSIVE;
				CLANG_CXX_LANGUAGE_STANDARD = "gnu++14";
				CLANG_CXX_LIBRARY = "libc++";
				CLANG_ENABLE_MODULES = YES;
				CLANG_ENABLE_OBJC_ARC = YES;
				CLANG_ENABLE_OBJC_WEAK = YES;
				CLANG_WARN_BLOCK_CAPTURE_AUTORELEASING = YES;
				CLANG_WARN_BOOL_CONVERSION = YES;
				CLANG_WARN_COMMA = YES;
				CLANG_WARN_CONSTANT_CONVERSION = YES;
				CLANG_WARN_DEPRECATED_OBJC_IMPLEMENTATIONS = YES;
				CLANG_WARN_DIRECT_OBJC_ISA_USAGE = YES_ERROR;
				CLANG_WARN_DOCUMENTATION_COMMENTS = YES;
				CLANG_WARN_EMPTY_BODY = YES;
				CLANG_WARN_ENUM_CONVERSION = YES;
				CLANG_WARN_INFINITE_RECURSION = YES;
				CLANG_WARN_INT_CONVERSION = YES;
				CLANG_WARN_NON_LITERAL_NULL_CONVERSION = YES;
				CLANG_WARN_OBJC_IMPLICIT_RETAIN_SELF = YES;
				CLANG_WARN_OBJC_LITERAL_CONVERSION = YES;
				CLANG_WARN_OBJC_ROOT_CLASS = YES_ERROR;
				CLANG_WARN_QUOTED_INCLUDE_IN_FRAMEWORK_HEADER = YES;
				CLANG_WARN_RANGE_LOOP_ANALYSIS = YES;
				CLANG_WARN_STRICT_PROTOTYPES = YES;
				CLANG_WARN_SUSPICIOUS_MOVE = YES;
				CLANG_WARN_UNGUARDED_AVAILABILITY = YES_AGGRESSIVE;
				CLANG_WARN_UNREACHABLE_CODE = YES;
				CLANG_WARN__DUPLICATE_METHOD_MATCH = YES;
				COPY_PHASE_STRIP = NO;
				DEBUG_INFORMATION_FORMAT = dwarf;
				ENABLE_STRICT_OBJC_MSGSEND = YES;
				ENABLE_TESTABILITY = YES;
				GCC_C_LANGUAGE_STANDARD = gnu11;
				GCC_DYNAMIC_NO_PIC = NO;
				GCC_NO_COMMON_BLOCKS = YES;
				GCC_OPTIMIZATION_LEVEL = 0;
				GCC_PREPROCESSOR_DEFINITIONS = (
					"DEBUG=1",
					"$(inherited)",
				);
				GCC_WARN_64_TO_32_BIT_CONVERSION = YES;
				GCC_WARN_ABOUT_RETURN_TYPE = YES_ERROR;
				GCC_WARN_UNDECLARED_SELECTOR = YES;
				GCC_WARN_UNINITIALIZED_AUTOS = YES_AGGRESSIVE;
				GCC_WARN_UNUSED_FUNCTION = YES;
				GCC_WARN_UNUSED_VARIABLE = YES;
				IPHONEOS_DEPLOYMENT_TARGET = 14.3;
				MTL_ENABLE_DEBUG_INFO = INCLUDE_SOURCE;
				MTL_FAST_MATH = YES;
				ONLY_ACTIVE_ARCH = YES;
				SDKROOT = iphoneos;
				SWIFT_ACTIVE_COMPILATION_CONDITIONS = DEBUG;
				SWIFT_OPTIMIZATION_LEVEL = "-Onone";
			};
			name = Debug;
		};
		41BDC8DF261F997B00B7A942 /* Release */ = {
			isa = XCBuildConfiguration;
			buildSettings = {
				ALWAYS_SEARCH_USER_PATHS = NO;
				CLANG_ANALYZER_NONNULL = YES;
				CLANG_ANALYZER_NUMBER_OBJECT_CONVERSION = YES_AGGRESSIVE;
				CLANG_CXX_LANGUAGE_STANDARD = "gnu++14";
				CLANG_CXX_LIBRARY = "libc++";
				CLANG_ENABLE_MODULES = YES;
				CLANG_ENABLE_OBJC_ARC = YES;
				CLANG_ENABLE_OBJC_WEAK = YES;
				CLANG_WARN_BLOCK_CAPTURE_AUTORELEASING = YES;
				CLANG_WARN_BOOL_CONVERSION = YES;
				CLANG_WARN_COMMA = YES;
				CLANG_WARN_CONSTANT_CONVERSION = YES;
				CLANG_WARN_DEPRECATED_OBJC_IMPLEMENTATIONS = YES;
				CLANG_WARN_DIRECT_OBJC_ISA_USAGE = YES_ERROR;
				CLANG_WARN_DOCUMENTATION_COMMENTS = YES;
				CLANG_WARN_EMPTY_BODY = YES;
				CLANG_WARN_ENUM_CONVERSION = YES;
				CLANG_WARN_INFINITE_RECURSION = YES;
				CLANG_WARN_INT_CONVERSION = YES;
				CLANG_WARN_NON_LITERAL_NULL_CONVERSION = YES;
				CLANG_WARN_OBJC_IMPLICIT_RETAIN_SELF = YES;
				CLANG_WARN_OBJC_LITERAL_CONVERSION = YES;
				CLANG_WARN_OBJC_ROOT_CLASS = YES_ERROR;
				CLANG_WARN_QUOTED_INCLUDE_IN_FRAMEWORK_HEADER = YES;
				CLANG_WARN_RANGE_LOOP_ANALYSIS = YES;
				CLANG_WARN_STRICT_PROTOTYPES = YES;
				CLANG_WARN_SUSPICIOUS_MOVE = YES;
				CLANG_WARN_UNGUARDED_AVAILABILITY = YES_AGGRESSIVE;
				CLANG_WARN_UNREACHABLE_CODE = YES;
				CLANG_WARN__DUPLICATE_METHOD_MATCH = YES;
				COPY_PHASE_STRIP = NO;
				DEBUG_INFORMATION_FORMAT = "dwarf-with-dsym";
				ENABLE_NS_ASSERTIONS = NO;
				ENABLE_STRICT_OBJC_MSGSEND = YES;
				GCC_C_LANGUAGE_STANDARD = gnu11;
				GCC_NO_COMMON_BLOCKS = YES;
				GCC_WARN_64_TO_32_BIT_CONVERSION = YES;
				GCC_WARN_ABOUT_RETURN_TYPE = YES_ERROR;
				GCC_WARN_UNDECLARED_SELECTOR = YES;
				GCC_WARN_UNINITIALIZED_AUTOS = YES_AGGRESSIVE;
				GCC_WARN_UNUSED_FUNCTION = YES;
				GCC_WARN_UNUSED_VARIABLE = YES;
				IPHONEOS_DEPLOYMENT_TARGET = 14.3;
				MTL_ENABLE_DEBUG_INFO = NO;
				MTL_FAST_MATH = YES;
				SDKROOT = iphoneos;
				SWIFT_COMPILATION_MODE = wholemodule;
				SWIFT_OPTIMIZATION_LEVEL = "-O";
				VALIDATE_PRODUCT = YES;
			};
			name = Release;
		};
		41BDC8E1261F997B00B7A942 /* Debug */ = {
			isa = XCBuildConfiguration;
			buildSettings = {
				ASSETCATALOG_COMPILER_APPICON_NAME = AppIcon;
				ASSETCATALOG_COMPILER_GLOBAL_ACCENT_COLOR_NAME = AccentColor;
				CODE_SIGN_STYLE = Automatic;
				DEVELOPMENT_ASSET_PATHS = "\"Convertitore/Preview Content\"";
				DEVELOPMENT_TEAM = 6Z5XRRGAZV;
				ENABLE_PREVIEWS = YES;
				INFOPLIST_FILE = Convertitore/Model/Info.plist;
				LD_RUNPATH_SEARCH_PATHS = (
					"$(inherited)",
					"@executable_path/Frameworks",
				);
				PRODUCT_BUNDLE_IDENTIFIER = manuelmacaj.Convertitore;
				PRODUCT_NAME = "$(TARGET_NAME)";
				SWIFT_VERSION = 5.0;
				TARGETED_DEVICE_FAMILY = "1,2";
			};
			name = Debug;
		};
		41BDC8E2261F997B00B7A942 /* Release */ = {
			isa = XCBuildConfiguration;
			buildSettings = {
				ASSETCATALOG_COMPILER_APPICON_NAME = AppIcon;
				ASSETCATALOG_COMPILER_GLOBAL_ACCENT_COLOR_NAME = AccentColor;
				CODE_SIGN_STYLE = Automatic;
				DEVELOPMENT_ASSET_PATHS = "\"Convertitore/Preview Content\"";
				DEVELOPMENT_TEAM = 6Z5XRRGAZV;
				ENABLE_PREVIEWS = YES;
				INFOPLIST_FILE = Convertitore/Model/Info.plist;
				LD_RUNPATH_SEARCH_PATHS = (
					"$(inherited)",
					"@executable_path/Frameworks",
				);
				PRODUCT_BUNDLE_IDENTIFIER = manuelmacaj.Convertitore;
				PRODUCT_NAME = "$(TARGET_NAME)";
				SWIFT_VERSION = 5.0;
				TARGETED_DEVICE_FAMILY = "1,2";
			};
			name = Release;
		};
/* End XCBuildConfiguration section */

/* Begin XCConfigurationList section */
		41BDC8C7261F997900B7A942 /* Build configuration list for PBXProject "Convertitore" */ = {
			isa = XCConfigurationList;
			buildConfigurations = (
				41BDC8DE261F997B00B7A942 /* Debug */,
				41BDC8DF261F997B00B7A942 /* Release */,
			);
			defaultConfigurationIsVisible = 0;
			defaultConfigurationName = Release;
		};
		41BDC8E0261F997B00B7A942 /* Build configuration list for PBXNativeTarget "Convertitore" */ = {
			isa = XCConfigurationList;
			buildConfigurations = (
				41BDC8E1261F997B00B7A942 /* Debug */,
				41BDC8E2261F997B00B7A942 /* Release */,
			);
			defaultConfigurationIsVisible = 0;
			defaultConfigurationName = Release;
		};
/* End XCConfigurationList section */
	};
	rootObject = 41BDC8C4261F997900B7A942 /* Project object */;
}
